# THIS IS AN AUTOGENERATED FILE. DO NOT EDIT THIS FILE DIRECTLY.
# yarn lockfile v1


"@playwright/test@^1.33.0":
  version "1.33.0"
  resolved "https://registry.yarnpkg.com/@playwright/test/-/test-1.33.0.tgz#669ef859efb81b143dfc624eef99d1dd92a81b67"
  integrity sha512-YunBa2mE7Hq4CfPkGzQRK916a4tuZoVx/EpLjeWlTVOnD4S2+fdaQZE0LJkbfhN5FTSKNLdcl7MoT5XB37bTkg==
  dependencies:
    "@types/node" "*"
    playwright-core "1.33.0"
  optionalDependencies:
    fsevents "2.3.2"

"@types/node@*":
  version "18.16.3"
  resolved "https://registry.yarnpkg.com/@types/node/-/node-18.16.3.tgz#6bda7819aae6ea0b386ebc5b24bdf602f1b42b01"
  integrity sha512-OPs5WnnT1xkCBiuQrZA4+YAV4HEJejmHneyraIaxsbev5yCEr6KMwINNFP9wQeFIw8FWcoTqF3vQsa5CDaI+8Q==

fsevents@2.3.2:
  version "2.3.2"
  resolved "https://registry.yarnpkg.com/fsevents/-/fsevents-2.3.2.tgz#8a526f78b8fdf4623b709e0b975c52c24c02fd1a"
  integrity sha512-xiqMQR4xAeHTuB9uWm+fFRcIOgKBMiOBP+eXiyT7jsgVCq1bkVygt00oASowB7EdtpOHaaPgKt812P9ab+DDKA==

playwright-core@1.33.0:
  version "1.33.0"
  resolved "https://registry.yarnpkg.com/playwright-core/-/playwright-core-1.33.0.tgz#269efe29a927cd6d144d05f3c2d2f72bd72447a1"
  integrity sha512-aizyPE1Cj62vAECdph1iaMILpT0WUDCq3E6rW6I+dleSbBoGbktvJtzS6VHkZ4DKNEOG9qJpiom/ZxO+S15LAw==
